// !$*UTF8*$!
{
	archiveVersion = 1;
	classes = {
	};
	objectVersion = 48;
	objects = {

/* Begin PBXBuildFile section */
		D6A790A11FD4427D00210785 /* AppDelegate.swift in Sources */ = {isa = PBXBuildFile; fileRef = D6A790A01FD4427D00210785 /* AppDelegate.swift */; };
		D6A790A31FD4427D00210785 /* ViewController.swift in Sources */ = {isa = PBXBuildFile; fileRef = D6A790A21FD4427D00210785 /* ViewController.swift */; };
		D6A790A61FD4427D00210785 /* Main.storyboard in Resources */ = {isa = PBXBuildFile; fileRef = D6A790A41FD4427D00210785 /* Main.storyboard */; };
		D6A790A81FD4427D00210785 /* Assets.xcassets in Resources */ = {isa = PBXBuildFile; fileRef = D6A790A71FD4427D00210785 /* Assets.xcassets */; };
		D6A790AB1FD4427D00210785 /* LaunchScreen.storyboard in Resources */ = {isa = PBXBuildFile; fileRef = D6A790A91FD4427D00210785 /* LaunchScreen.storyboard */; };
		D6A790B61FD4427D00210785 /* ShoppingListIOS11Tests.swift in Sources */ = {isa = PBXBuildFile; fileRef = D6A790B51FD4427D00210785 /* ShoppingListIOS11Tests.swift */; };
		D6A790C11FD4427D00210785 /* ShoppingListIOS11UITests.swift in Sources */ = {isa = PBXBuildFile; fileRef = D6A790C01FD4427D00210785 /* ShoppingListIOS11UITests.swift */; };
/* End PBXBuildFile section */

/* Begin PBXContainerItemProxy section */
		D6A790B21FD4427D00210785 /* PBXContainerItemProxy */ = {
			isa = PBXContainerItemProxy;
			containerPortal = D6A790951FD4427D00210785 /* Project object */;
			proxyType = 1;
			remoteGlobalIDString = D6A7909C1FD4427D00210785;
			remoteInfo = ShoppingListIOS11;
		};
		D6A790BD1FD4427D00210785 /* PBXContainerItemProxy */ = {
			isa = PBXContainerItemProxy;
			containerPortal = D6A790951FD4427D00210785 /* Project object */;
			proxyType = 1;
			remoteGlobalIDString = D6A7909C1FD4427D00210785;
			remoteInfo = ShoppingListIOS11;
		};
/* End PBXContainerItemProxy section */

/* Begin PBXFileReference section */
		D6A7909D1FD4427D00210785 /* ShoppingListIOS11.app */ = {isa = PBXFileReference; explicitFileType = wrapper.application; includeInIndex = 0; path = ShoppingListIOS11.app; sourceTree = BUILT_PRODUCTS_DIR; };
		D6A790A01FD4427D00210785 /* AppDelegate.swift */ = {isa = PBXFileReference; lastKnownFileType = sourcecode.swift; path = AppDelegate.swift; sourceTree = "<group>"; };
		D6A790A21FD4427D00210785 /* ViewController.swift */ = {isa = PBXFileReference; lastKnownFileType = sourcecode.swift; path = ViewController.swift; sourceTree = "<group>"; };
		D6A790A51FD4427D00210785 /* Base */ = {isa = PBXFileReference; lastKnownFileType = file.storyboard; name = Base; path = Base.lproj/Main.storyboard; sourceTree = "<group>"; };
		D6A790A71FD4427D00210785 /* Assets.xcassets */ = {isa = PBXFileReference; lastKnownFileType = folder.assetcatalog; path = Assets.xcassets; sourceTree = "<group>"; };
		D6A790AA1FD4427D00210785 /* Base */ = {isa = PBXFileReference; lastKnownFileType = file.storyboard; name = Base; path = Base.lproj/LaunchScreen.storyboard; sourceTree = "<group>"; };
		D6A790AC1FD4427D00210785 /* Info.plist */ = {isa = PBXFileReference; lastKnownFileType = text.plist.xml; path = Info.plist; sourceTree = "<group>"; };
		D6A790B11FD4427D00210785 /* ShoppingListIOS11Tests.xctest */ = {isa = PBXFileReference; explicitFileType = wrapper.cfbundle; includeInIndex = 0; path = ShoppingListIOS11Tests.xctest; sourceTree = BUILT_PRODUCTS_DIR; };
		D6A790B51FD4427D00210785 /* ShoppingListIOS11Tests.swift */ = {isa = PBXFileReference; lastKnownFileType = sourcecode.swift; path = ShoppingListIOS11Tests.swift; sourceTree = "<group>"; };
		D6A790B71FD4427D00210785 /* Info.plist */ = {isa = PBXFileReference; lastKnownFileType = text.plist.xml; path = Info.plist; sourceTree = "<group>"; };
		D6A790BC1FD4427D00210785 /* ShoppingListIOS11UITests.xctest */ = {isa = PBXFileReference; explicitFileType = wrapper.cfbundle; includeInIndex = 0; path = ShoppingListIOS11UITests.xctest; sourceTree = BUILT_PRODUCTS_DIR; };
		D6A790C01FD4427D00210785 /* ShoppingListIOS11UITests.swift */ = {isa = PBXFileReference; lastKnownFileType = sourcecode.swift; path = ShoppingListIOS11UITests.swift; sourceTree = "<group>"; };
		D6A790C21FD4427D00210785 /* Info.plist */ = {isa = PBXFileReference; lastKnownFileType = text.plist.xml; path = Info.plist; sourceTree = "<group>"; };
/* End PBXFileReference section */

/* Begin PBXFrameworksBuildPhase section */
		D6A7909A1FD4427D00210785 /* Frameworks */ = {
			isa = PBXFrameworksBuildPhase;
			buildActionMask = 2147483647;
			files = (
			);
			runOnlyForDeploymentPostprocessing = 0;
		};
		D6A790AE1FD4427D00210785 /* Frameworks */ = {
			isa = PBXFrameworksBuildPhase;
			buildActionMask = 2147483647;
			files = (
			);
			runOnlyForDeploymentPostprocessing = 0;
		};
		D6A790B91FD4427D00210785 /* Frameworks */ = {
			isa = PBXFrameworksBuildPhase;
			buildActionMask = 2147483647;
			files = (
			);
			runOnlyForDeploymentPostprocessing = 0;
		};
/* End PBXFrameworksBuildPhase section */

/* Begin PBXGroup section */
		D6A790941FD4427D00210785 = {
			isa = PBXGroup;
			children = (
				D6A7909F1FD4427D00210785 /* ShoppingListIOS11 */,
				D6A790B41FD4427D00210785 /* ShoppingListIOS11Tests */,
				D6A790BF1FD4427D00210785 /* ShoppingListIOS11UITests */,
				D6A7909E1FD4427D00210785 /* Products */,
			);
			sourceTree = "<group>";
		};
		D6A7909E1FD4427D00210785 /* Products */ = {
			isa = PBXGroup;
			children = (
				D6A7909D1FD4427D00210785 /* ShoppingListIOS11.app */,
				D6A790B11FD4427D00210785 /* ShoppingListIOS11Tests.xctest */,
				D6A790BC1FD4427D00210785 /* ShoppingListIOS11UITests.xctest */,
			);
			name = Products;
			sourceTree = "<group>";
		};
		D6A7909F1FD4427D00210785 /* ShoppingListIOS11 */ = {
			isa = PBXGroup;
			children = (
				D6A790A01FD4427D00210785 /* AppDelegate.swift */,
				D6A790A21FD4427D00210785 /* ViewController.swift */,
				D6A790A41FD4427D00210785 /* Main.storyboard */,
				D6A790A71FD4427D00210785 /* Assets.xcassets */,
				D6A790A91FD4427D00210785 /* LaunchScreen.storyboard */,
				D6A790AC1FD4427D00210785 /* Info.plist */,
			);
			path = ShoppingListIOS11;
			sourceTree = "<group>";
		};
		D6A790B41FD4427D00210785 /* ShoppingListIOS11Tests */ = {
			isa = PBXGroup;
			children = (
				D6A790B51FD4427D00210785 /* ShoppingListIOS11Tests.swift */,
				D6A790B71FD4427D00210785 /* Info.plist */,
			);
			path = ShoppingListIOS11Tests;
			sourceTree = "<group>";
		};
		D6A790BF1FD4427D00210785 /* ShoppingListIOS11UITests */ = {
			isa = PBXGroup;
			children = (
				D6A790C01FD4427D00210785 /* ShoppingListIOS11UITests.swift */,
				D6A790C21FD4427D00210785 /* Info.plist */,
			);
			path = ShoppingListIOS11UITests;
			sourceTree = "<group>";
		};
/* End PBXGroup section */

/* Begin PBXNativeTarget section */
		D6A7909C1FD4427D00210785 /* ShoppingListIOS11 */ = {
			isa = PBXNativeTarget;
			buildConfigurationList = D6A790C51FD4427D00210785 /* Build configuration list for PBXNativeTarget "ShoppingListIOS11" */;
			buildPhases = (
				D6A790991FD4427D00210785 /* Sources */,
				D6A7909A1FD4427D00210785 /* Frameworks */,
				D6A7909B1FD4427D00210785 /* Resources */,
			);
			buildRules = (
			);
			dependencies = (
			);
			name = ShoppingListIOS11;
			productName = ShoppingListIOS11;
			productReference = D6A7909D1FD4427D00210785 /* ShoppingListIOS11.app */;
			productType = "com.apple.product-type.application";
		};
		D6A790B01FD4427D00210785 /* ShoppingListIOS11Tests */ = {
			isa = PBXNativeTarget;
			buildConfigurationList = D6A790C81FD4427D00210785 /* Build configuration list for PBXNativeTarget "ShoppingListIOS11Tests" */;
			buildPhases = (
				D6A790AD1FD4427D00210785 /* Sources */,
				D6A790AE1FD4427D00210785 /* Frameworks */,
				D6A790AF1FD4427D00210785 /* Resources */,
			);
			buildRules = (
			);
			dependencies = (
				D6A790B31FD4427D00210785 /* PBXTargetDependency */,
			);
			name = ShoppingListIOS11Tests;
			productName = ShoppingListIOS11Tests;
			productReference = D6A790B11FD4427D00210785 /* ShoppingListIOS11Tests.xctest */;
			productType = "com.apple.product-type.bundle.unit-test";
		};
		D6A790BB1FD4427D00210785 /* ShoppingListIOS11UITests */ = {
			isa = PBXNativeTarget;
			buildConfigurationList = D6A790CB1FD4427D00210785 /* Build configuration list for PBXNativeTarget "ShoppingListIOS11UITests" */;
			buildPhases = (
				D6A790B81FD4427D00210785 /* Sources */,
				D6A790B91FD4427D00210785 /* Frameworks */,
				D6A790BA1FD4427D00210785 /* Resources */,
			);
			buildRules = (
			);
			dependencies = (
				D6A790BE1FD4427D00210785 /* PBXTargetDependency */,
			);
			name = ShoppingListIOS11UITests;
			productName = ShoppingListIOS11UITests;
			productReference = D6A790BC1FD4427D00210785 /* ShoppingListIOS11UITests.xctest */;
			productType = "com.apple.product-type.bundle.ui-testing";
		};
/* End PBXNativeTarget section */

/* Begin PBXProject section */
		D6A790951FD4427D00210785 /* Project object */ = {
			isa = PBXProject;
			attributes = {
				LastSwiftUpdateCheck = 0910;
				LastUpgradeCheck = 0910;
				ORGANIZATIONNAME = EggDevs;
				TargetAttributes = {
					D6A7909C1FD4427D00210785 = {
						CreatedOnToolsVersion = 9.1;
						ProvisioningStyle = Automatic;
					};
					D6A790B01FD4427D00210785 = {
						CreatedOnToolsVersion = 9.1;
						ProvisioningStyle = Automatic;
						TestTargetID = D6A7909C1FD4427D00210785;
					};
					D6A790BB1FD4427D00210785 = {
						CreatedOnToolsVersion = 9.1;
						ProvisioningStyle = Automatic;
						TestTargetID = D6A7909C1FD4427D00210785;
					};
				};
			};
			buildConfigurationList = D6A790981FD4427D00210785 /* Build configuration list for PBXProject "ShoppingListIOS11" */;
			compatibilityVersion = "Xcode 8.0";
			developmentRegion = en;
			hasScannedForEncodings = 0;
			knownRegions = (
				en,
				Base,
			);
			mainGroup = D6A790941FD4427D00210785;
			productRefGroup = D6A7909E1FD4427D00210785 /* Products */;
			projectDirPath = "";
			projectRoot = "";
			targets = (
				D6A7909C1FD4427D00210785 /* ShoppingListIOS11 */,
				D6A790B01FD4427D00210785 /* ShoppingListIOS11Tests */,
				D6A790BB1FD4427D00210785 /* ShoppingListIOS11UITests */,
			);
		};
/* End PBXProject section */

/* Begin PBXResourcesBuildPhase section */
		D6A7909B1FD4427D00210785 /* Resources */ = {
			isa = PBXResourcesBuildPhase;
			buildActionMask = 2147483647;
			files = (
				D6A790AB1FD4427D00210785 /* LaunchScreen.storyboard in Resources */,
				D6A790A81FD4427D00210785 /* Assets.xcassets in Resources */,
				D6A790A61FD4427D00210785 /* Main.storyboard in Resources */,
			);
			runOnlyForDeploymentPostprocessing = 0;
		};
		D6A790AF1FD4427D00210785 /* Resources */ = {
			isa = PBXResourcesBuildPhase;
			buildActionMask = 2147483647;
			files = (
			);
			runOnlyForDeploymentPostprocessing = 0;
		};
		D6A790BA1FD4427D00210785 /* Resources */ = {
			isa = PBXResourcesBuildPhase;
			buildActionMask = 2147483647;
			files = (
			);
			runOnlyForDeploymentPostprocessing = 0;
		};
/* End PBXResourcesBuildPhase section */

/* Begin PBXSourcesBuildPhase section */
		D6A790991FD4427D00210785 /* Sources */ = {
			isa = PBXSourcesBuildPhase;
			buildActionMask = 2147483647;
			files = (
				D6A790A31FD4427D00210785 /* ViewController.swift in Sources */,
				D6A790A11FD4427D00210785 /* AppDelegate.swift in Sources */,
			);
			runOnlyForDeploymentPostprocessing = 0;
		};
		D6A790AD1FD4427D00210785 /* Sources */ = {
			isa = PBXSourcesBuildPhase;
			buildActionMask = 2147483647;
			files = (
				D6A790B61FD4427D00210785 /* ShoppingListIOS11Tests.swift in Sources */,
			);
			runOnlyForDeploymentPostprocessing = 0;
		};
		D6A790B81FD4427D00210785 /* Sources */ = {
			isa = PBXSourcesBuildPhase;
			buildActionMask = 2147483647;
			files = (
				D6A790C11FD4427D00210785 /* ShoppingListIOS11UITests.swift in Sources */,
			);
			runOnlyForDeploymentPostprocessing = 0;
		};
/* End PBXSourcesBuildPhase section */

/* Begin PBXTargetDependency section */
		D6A790B31FD4427D00210785 /* PBXTargetDependency */ = {
			isa = PBXTargetDependency;
			target = D6A7909C1FD4427D00210785 /* ShoppingListIOS11 */;
			targetProxy = D6A790B21FD4427D00210785 /* PBXContainerItemProxy */;
		};
		D6A790BE1FD4427D00210785 /* PBXTargetDependency */ = {
			isa = PBXTargetDependency;
			target = D6A7909C1FD4427D00210785 /* ShoppingListIOS11 */;
			targetProxy = D6A790BD1FD4427D00210785 /* PBXContainerItemProxy */;
		};
/* End PBXTargetDependency section */

/* Begin PBXVariantGroup section */
		D6A790A41FD4427D00210785 /* Main.storyboard */ = {
			isa = PBXVariantGroup;
			children = (
				D6A790A51FD4427D00210785 /* Base */,
			);
			name = Main.storyboard;
			sourceTree = "<group>";
		};
		D6A790A91FD4427D00210785 /* LaunchScreen.storyboard */ = {
			isa = PBXVariantGroup;
			children = (
				D6A790AA1FD4427D00210785 /* Base */,
			);
			name = LaunchScreen.storyboard;
			sourceTree = "<group>";
		};
/* End PBXVariantGroup section */

/* Begin XCBuildConfiguration section */
		D6A790C31FD4427D00210785 /* Debug */ = {
			isa = XCBuildConfiguration;
			buildSettings = {
				ALWAYS_SEARCH_USER_PATHS = NO;
				CLANG_ANALYZER_NONNULL = YES;
				CLANG_ANALYZER_NUMBER_OBJECT_CONVERSION = YES_AGGRESSIVE;
				CLANG_CXX_LANGUAGE_STANDARD = "gnu++14";
				CLANG_CXX_LIBRARY = "libc++";
				CLANG_ENABLE_MODULES = YES;
				CLANG_ENABLE_OBJC_ARC = YES;
				CLANG_WARN_BLOCK_CAPTURE_AUTORELEASING = YES;
				CLANG_WARN_BOOL_CONVERSION = YES;
				CLANG_WARN_COMMA = YES;
				CLANG_WARN_CONSTANT_CONVERSION = YES;
				CLANG_WARN_DIRECT_OBJC_ISA_USAGE = YES_ERROR;
				CLANG_WARN_DOCUMENTATION_COMMENTS = YES;
				CLANG_WARN_EMPTY_BODY = YES;
				CLANG_WARN_ENUM_CONVERSION = YES;
				CLANG_WARN_INFINITE_RECURSION = YES;
				CLANG_WARN_INT_CONVERSION = YES;
				CLANG_WARN_NON_LITERAL_NULL_CONVERSION = YES;
				CLANG_WARN_OBJC_LITERAL_CONVERSION = YES;
				CLANG_WARN_OBJC_ROOT_CLASS = YES_ERROR;
				CLANG_WARN_RANGE_LOOP_ANALYSIS = YES;
				CLANG_WARN_STRICT_PROTOTYPES = YES;
				CLANG_WARN_SUSPICIOUS_MOVE = YES;
				CLANG_WARN_UNGUARDED_AVAILABILITY = YES_AGGRESSIVE;
				CLANG_WARN_UNREACHABLE_CODE = YES;
				CLANG_WARN__DUPLICATE_METHOD_MATCH = YES;
				CODE_SIGN_IDENTITY = "iPhone Developer";
				COPY_PHASE_STRIP = NO;
				DEBUG_INFORMATION_FORMAT = dwarf;
				ENABLE_STRICT_OBJC_MSGSEND = YES;
				ENABLE_TESTABILITY = YES;
				GCC_C_LANGUAGE_STANDARD = gnu11;
				GCC_DYNAMIC_NO_PIC = NO;
				GCC_NO_COMMON_BLOCKS = YES;
				GCC_OPTIMIZATION_LEVEL = 0;
				GCC_PREPROCESSOR_DEFINITIONS = (
					"DEBUG=1",
					"$(inherited)",
				);
				GCC_WARN_64_TO_32_BIT_CONVERSION = YES;
				GCC_WARN_ABOUT_RETURN_TYPE = YES_ERROR;
				GCC_WARN_UNDECLARED_SELECTOR = YES;
				GCC_WARN_UNINITIALIZED_AUTOS = YES_AGGRESSIVE;
				GCC_WARN_UNUSED_FUNCTION = YES;
				GCC_WARN_UNUSED_VARIABLE = YES;
				IPHONEOS_DEPLOYMENT_TARGET = 11.1;
				MTL_ENABLE_DEBUG_INFO = YES;
				ONLY_ACTIVE_ARCH = YES;
				SDKROOT = iphoneos;
				SWIFT_ACTIVE_COMPILATION_CONDITIONS = DEBUG;
				SWIFT_OPTIMIZATION_LEVEL = "-Onone";
			};
			name = Debug;
		};
		D6A790C41FD4427D00210785 /* Release */ = {
			isa = XCBuildConfiguration;
			buildSettings = {
				ALWAYS_SEARCH_USER_PATHS = NO;
				CLANG_ANALYZER_NONNULL = YES;
				CLANG_ANALYZER_NUMBER_OBJECT_CONVERSION = YES_AGGRESSIVE;
				CLANG_CXX_LANGUAGE_STANDARD = "gnu++14";
				CLANG_CXX_LIBRARY = "libc++";
				CLANG_ENABLE_MODULES = YES;
				CLANG_ENABLE_OBJC_ARC = YES;
				CLANG_WARN_BLOCK_CAPTURE_AUTORELEASING = YES;
				CLANG_WARN_BOOL_CONVERSION = YES;
				CLANG_WARN_COMMA = YES;
				CLANG_WARN_CONSTANT_CONVERSION = YES;
				CLANG_WARN_DIRECT_OBJC_ISA_USAGE = YES_ERROR;
				CLANG_WARN_DOCUMENTATION_COMMENTS = YES;
				CLANG_WARN_EMPTY_BODY = YES;
				CLANG_WARN_ENUM_CONVERSION = YES;
				CLANG_WARN_INFINITE_RECURSION = YES;
				CLANG_WARN_INT_CONVERSION = YES;
				CLANG_WARN_NON_LITERAL_NULL_CONVERSION = YES;
				CLANG_WARN_OBJC_LITERAL_CONVERSION = YES;
				CLANG_WARN_OBJC_ROOT_CLASS = YES_ERROR;
				CLANG_WARN_RANGE_LOOP_ANALYSIS = YES;
				CLANG_WARN_STRICT_PROTOTYPES = YES;
				CLANG_WARN_SUSPICIOUS_MOVE = YES;
				CLANG_WARN_UNGUARDED_AVAILABILITY = YES_AGGRESSIVE;
				CLANG_WARN_UNREACHABLE_CODE = YES;
				CLANG_WARN__DUPLICATE_METHOD_MATCH = YES;
				CODE_SIGN_IDENTITY = "iPhone Developer";
				COPY_PHASE_STRIP = NO;
				DEBUG_INFORMATION_FORMAT = "dwarf-with-dsym";
				ENABLE_NS_ASSERTIONS = NO;
				ENABLE_STRICT_OBJC_MSGSEND = YES;
				GCC_C_LANGUAGE_STANDARD = gnu11;
				GCC_NO_COMMON_BLOCKS = YES;
				GCC_WARN_64_TO_32_BIT_CONVERSION = YES;
				GCC_WARN_ABOUT_RETURN_TYPE = YES_ERROR;
				GCC_WARN_UNDECLARED_SELECTOR = YES;
				GCC_WARN_UNINITIALIZED_AUTOS = YES_AGGRESSIVE;
				GCC_WARN_UNUSED_FUNCTION = YES;
				GCC_WARN_UNUSED_VARIABLE = YES;
				IPHONEOS_DEPLOYMENT_TARGET = 11.1;
				MTL_ENABLE_DEBUG_INFO = NO;
				SDKROOT = iphoneos;
				SWIFT_OPTIMIZATION_LEVEL = "-Owholemodule";
				VALIDATE_PRODUCT = YES;
			};
			name = Release;
		};
		D6A790C61FD4427D00210785 /* Debug */ = {
			isa = XCBuildConfiguration;
			buildSettings = {
				ASSETCATALOG_COMPILER_APPICON_NAME = AppIcon;
				CODE_SIGN_STYLE = Automatic;
				DEVELOPMENT_TEAM = AD28F657L2;
				INFOPLIST_FILE = ShoppingListIOS11/Info.plist;
				LD_RUNPATH_SEARCH_PATHS = "$(inherited) @executable_path/Frameworks";
				PRODUCT_BUNDLE_IDENTIFIER = com.eggdevs.ShoppingListIOS11;
				PRODUCT_NAME = "$(TARGET_NAME)";
				SWIFT_VERSION = 4.0;
				TARGETED_DEVICE_FAMILY = "1,2";
			};
			name = Debug;
		};
		D6A790C71FD4427D00210785 /* Release */ = {
			isa = XCBuildConfiguration;
			buildSettings = {
				ASSETCATALOG_COMPILER_APPICON_NAME = AppIcon;
				CODE_SIGN_STYLE = Automatic;
				DEVELOPMENT_TEAM = AD28F657L2;
				INFOPLIST_FILE = ShoppingListIOS11/Info.plist;
				LD_RUNPATH_SEARCH_PATHS = "$(inherited) @executable_path/Frameworks";
				PRODUCT_BUNDLE_IDENTIFIER = com.eggdevs.ShoppingListIOS11;
				PRODUCT_NAME = "$(TARGET_NAME)";
				SWIFT_VERSION = 4.0;
				TARGETED_DEVICE_FAMILY = "1,2";
			};
			name = Release;
		};
		D6A790C91FD4427D00210785 /* Debug */ = {
			isa = XCBuildConfiguration;
			buildSettings = {
				ALWAYS_EMBED_SWIFT_STANDARD_LIBRARIES = YES;
				BUNDLE_LOADER = "$(TEST_HOST)";
				CODE_SIGN_STYLE = Automatic;
				DEVELOPMENT_TEAM = AD28F657L2;
				INFOPLIST_FILE = ShoppingListIOS11Tests/Info.plist;
				LD_RUNPATH_SEARCH_PATHS = "$(inherited) @executable_path/Frameworks @loader_path/Frameworks";
				PRODUCT_BUNDLE_IDENTIFIER = com.eggdevs.ShoppingListIOS11Tests;
				PRODUCT_NAME = "$(TARGET_NAME)";
				SWIFT_VERSION = 4.0;
				TARGETED_DEVICE_FAMILY = "1,2";
				TEST_HOST = "$(BUILT_PRODUCTS_DIR)/ShoppingListIOS11.app/ShoppingListIOS11";
			};
			name = Debug;
		};
		D6A790CA1FD4427D00210785 /* Release */ = {
			isa = XCBuildConfiguration;
			buildSettings = {
				ALWAYS_EMBED_SWIFT_STANDARD_LIBRARIES = YES;
				BUNDLE_LOADER = "$(TEST_HOST)";
				CODE_SIGN_STYLE = Automatic;
				DEVELOPMENT_TEAM = AD28F657L2;
				INFOPLIST_FILE = ShoppingListIOS11Tests/Info.plist;
				LD_RUNPATH_SEARCH_PATHS = "$(inherited) @executable_path/Frameworks @loader_path/Frameworks";
				PRODUCT_BUNDLE_IDENTIFIER = com.eggdevs.ShoppingListIOS11Tests;
				PRODUCT_NAME = "$(TARGET_NAME)";
				SWIFT_VERSION = 4.0;
				TARGETED_DEVICE_FAMILY = "1,2";
				TEST_HOST = "$(BUILT_PRODUCTS_DIR)/ShoppingListIOS11.app/ShoppingListIOS11";
			};
			name = Release;
		};
		D6A790CC1FD4427D00210785 /* Debug */ = {
			isa = XCBuildConfiguration;
			buildSettings = {
				ALWAYS_EMBED_SWIFT_STANDARD_LIBRARIES = YES;
				CODE_SIGN_STYLE = Automatic;
				DEVELOPMENT_TEAM = AD28F657L2;
				INFOPLIST_FILE = ShoppingListIOS11UITests/Info.plist;
				LD_RUNPATH_SEARCH_PATHS = "$(inherited) @executable_path/Frameworks @loader_path/Frameworks";
				PRODUCT_BUNDLE_IDENTIFIER = com.eggdevs.ShoppingListIOS11UITests;
				PRODUCT_NAME = "$(TARGET_NAME)";
				SWIFT_VERSION = 4.0;
				TARGETED_DEVICE_FAMILY = "1,2";
				TEST_TARGET_NAME = ShoppingListIOS11;
			};
			name = Debug;
		};
		D6A790CD1FD4427D00210785 /* Release */ = {
			isa = XCBuildConfiguration;
			buildSettings = {
				ALWAYS_EMBED_SWIFT_STANDARD_LIBRARIES = YES;
				CODE_SIGN_STYLE = Automatic;
				DEVELOPMENT_TEAM = AD28F657L2;
				INFOPLIST_FILE = ShoppingListIOS11UITests/Info.plist;
				LD_RUNPATH_SEARCH_PATHS = "$(inherited) @executable_path/Frameworks @loader_path/Frameworks";
				PRODUCT_BUNDLE_IDENTIFIER = com.eggdevs.ShoppingListIOS11UITests;
				PRODUCT_NAME = "$(TARGET_NAME)";
				SWIFT_VERSION = 4.0;
				TARGETED_DEVICE_FAMILY = "1,2";
				TEST_TARGET_NAME = ShoppingListIOS11;
			};
			name = Release;
		};
/* End XCBuildConfiguration section */

/* Begin XCConfigurationList section */
		D6A790981FD4427D00210785 /* Build configuration list for PBXProject "ShoppingListIOS11" */ = {
			isa = XCConfigurationList;
			buildConfigurations = (
				D6A790C31FD4427D00210785 /* Debug */,
				D6A790C41FD4427D00210785 /* Release */,
			);
			defaultConfigurationIsVisible = 0;
			defaultConfigurationName = Release;
		};
		D6A790C51FD4427D00210785 /* Build configuration list for PBXNativeTarget "ShoppingListIOS11" */ = {
			isa = XCConfigurationList;
			buildConfigurations = (
				D6A790C61FD4427D00210785 /* Debug */,
				D6A790C71FD4427D00210785 /* Release */,
			);
			defaultConfigurationIsVisible = 0;
			defaultConfigurationName = Release;
		};
		D6A790C81FD4427D00210785 /* Build configuration list for PBXNativeTarget "ShoppingListIOS11Tests" */ = {
			isa = XCConfigurationList;
			buildConfigurations = (
				D6A790C91FD4427D00210785 /* Debug */,
				D6A790CA1FD4427D00210785 /* Release */,
			);
			defaultConfigurationIsVisible = 0;
			defaultConfigurationName = Release;
		};
		D6A790CB1FD4427D00210785 /* Build configuration list for PBXNativeTarget "ShoppingListIOS11UITests" */ = {
			isa = XCConfigurationList;
			buildConfigurations = (
				D6A790CC1FD4427D00210785 /* Debug */,
				D6A790CD1FD4427D00210785 /* Release */,
			);
			defaultConfigurationIsVisible = 0;
			defaultConfigurationName = Release;
		};
/* End XCConfigurationList section */
	};
	rootObject = D6A790951FD4427D00210785 /* Project object */;
}
